
Microsoft Visual Studio Solution File, Format Version 12.00
# Visual Studio Version 16
VisualStudioVersion = 16.0.30503.244
MinimumVisualStudioVersion = 10.0.40219.1
Project("{FAE04EC0-301F-11D3-BF4B-00C04F79EFBC}") = "Task_7_1_PM01_N3", "Task_7_1_PM01_N3\Task_7_1_PM01_N3.csproj", "{1D203BC2-A526-473A-84E1-977A2400589C}"
EndProject
Project("{FAE04EC0-301F-11D3-BF4B-00C04F79EFBC}") = "Task_7_2_PM01_N3", "Task_7_2_PM01_N3\Task_7_2_PM01_N3.csproj", "{F60788DB-85D4-479C-8F74-E1260BCA0A9F}"
EndProject
Global
	GlobalSection(SolutionConfigurationPlatforms) = preSolution
		Debug|Any CPU = Debug|Any CPU
		Release|Any CPU = Release|Any CPU
	EndGlobalSection
	GlobalSection(ProjectConfigurationPlatforms) = postSolution
		{1D203BC2-A526-473A-84E1-977A2400589C}.Debug|Any CPU.ActiveCfg = Debug|Any CPU
		{1D203BC2-A526-473A-84E1-977A2400589C}.Debug|Any CPU.Build.0 = Debug|Any CPU
		{1D203BC2-A526-473A-84E1-977A2400589C}.Release|Any CPU.ActiveCfg = Release|Any CPU
		{1D203BC2-A526-473A-84E1-977A2400589C}.Release|Any CPU.Build.0 = Release|Any CPU
		{F60788DB-85D4-479C-8F74-E1260BCA0A9F}.Debug|Any CPU.ActiveCfg = Debug|Any CPU
		{F60788DB-85D4-479C-8F74-E1260BCA0A9F}.Debug|Any CPU.Build.0 = Debug|Any CPU
		{F60788DB-85D4-479C-8F74-E1260BCA0A9F}.Release|Any CPU.ActiveCfg = Release|Any CPU
		{F60788DB-85D4-479C-8F74-E1260BCA0A9F}.Release|Any CPU.Build.0 = Release|Any CPU
	EndGlobalSection
	GlobalSection(SolutionProperties) = preSolution
		HideSolutionNode = FALSE
	EndGlobalSection
	GlobalSection(ExtensibilityGlobals) = postSolution
		SolutionGuid = {0F88E1B2-A29B-44AE-B7CD-170DFAD1A1F1}
	EndGlobalSection
EndGlobal
